{
  "version": "5",
  "remote": {
    "https://esm.sh/aws4fetch@1.0.20": "72c2789ab2e7a037ed00c4230574ccc31a0c0cebc7ebd19a2c9da574e3133bc7"
  },
  "workspace": {
    "packageJson": {
      "dependencies": [
        "npm:@aws-sdk/client-s3@^3.658.1",
        "npm:@supabase/supabase-js@^2.45.4",
        "npm:@tauri-apps/api@^2.0.2",
        "npm:@tauri-apps/cli@^2.0.2",
        "npm:@types/node@^22.7.4",
        "npm:@types/react-dom@^18.3.0",
        "npm:@types/react@^18.3.11",
        "npm:@vitejs/plugin-react@^4.3.2",
        "npm:autoprefixer@^10.4.20",
        "npm:class-variance-authority@0.7",
        "npm:clsx@^2.1.1",
        "npm:lucide-react@0.451",
        "npm:postcss@^8.4.47",
        "npm:react-dom@^18.3.1",
        "npm:react-router-dom@^6.26.2",
        "npm:react@^18.3.1",
        "npm:tailwind-merge@^2.5.2",
        "npm:tailwindcss-animate@^1.0.7",
        "npm:tailwindcss@^3.4.13",
        "npm:typescript@^5.6.2",
        "npm:vite@^5.4.8",
        "npm:zustand@^4.5.5"
      ]
    }
  }
}
